
Microsoft Visual Studio Solution File, Format Version 12.00
# Visual Studio Version 17
VisualStudioVersion = 17.11.35327.3
MinimumVisualStudioVersion = 10.0.40219.1
Project("{FAE04EC0-301F-11D3-BF4B-00C04F79EFBC}") = "Stack Assignment", "Stack Assignment.csproj", "{94F1F2F2-B7D6-42B5-B288-0F65AC7BA767}"
EndProject
Global
	GlobalSection(SolutionConfigurationPlatforms) = preSolution
		Debug|Any CPU = Debug|Any CPU
		Release|Any CPU = Release|Any CPU
	EndGlobalSection
	GlobalSection(ProjectConfigurationPlatforms) = postSolution
		{94F1F2F2-B7D6-42B5-B288-0F65AC7BA767}.Debug|Any CPU.ActiveCfg = Debug|Any CPU
		{94F1F2F2-B7D6-42B5-B288-0F65AC7BA767}.Debug|Any CPU.Build.0 = Debug|Any CPU
		{94F1F2F2-B7D6-42B5-B288-0F65AC7BA767}.Release|Any CPU.ActiveCfg = Release|Any CPU
		{94F1F2F2-B7D6-42B5-B288-0F65AC7BA767}.Release|Any CPU.Build.0 = Release|Any CPU
	EndGlobalSection
	GlobalSection(SolutionProperties) = preSolution
		HideSolutionNode = FALSE
	EndGlobalSection
	GlobalSection(ExtensibilityGlobals) = postSolution
		SolutionGuid = {D5E1ADF0-B3C9-4889-A2B7-E17EB3023EFB}
	EndGlobalSection
EndGlobal
